
Microsoft Visual Studio Solution File, Format Version 12.00
# Visual Studio Version 17
VisualStudioVersion = 17.0.31903.59
MinimumVisualStudioVersion = 10.0.40219.1
Project("{2150E333-8FDC-42A3-9474-1A3956D46DE8}") = "3.SQS", "3.SQS", "{61FABBC7-8523-45D5-BDEF-B8D9521A8EB4}"
EndProject
Project("{FAE04EC0-301F-11D3-BF4B-00C04F79EFBC}") = "SqsPublisher", "3.SQS\SqsPublisher\SqsPublisher.csproj", "{A738A9AD-78D4-499A-A3C9-1D0724A3C74C}"
EndProject
Project("{FAE04EC0-301F-11D3-BF4B-00C04F79EFBC}") = "SqsConsumer", "3.SQS\SqsConsumer\SqsConsumer.csproj", "{68E4D5E7-F899-4210-BA7E-BB0120D87491}"
EndProject
Project("{FAE04EC0-301F-11D3-BF4B-00C04F79EFBC}") = "Sqs.Models", "3.SQS\Sqs.Models\Sqs.Models.csproj", "{1E33E1B8-B5AE-4F3D-AC24-06F4983BB3BA}"
EndProject
Global
	GlobalSection(SolutionProperties) = preSolution
		HideSolutionNode = FALSE
	EndGlobalSection
	GlobalSection(SolutionConfigurationPlatforms) = preSolution
		Debug|Any CPU = Debug|Any CPU
		Debug|x64 = Debug|x64
		Debug|x86 = Debug|x86
		Release|Any CPU = Release|Any CPU
		Release|x64 = Release|x64
		Release|x86 = Release|x86
	EndGlobalSection
	GlobalSection(ProjectConfigurationPlatforms) = postSolution
		{A738A9AD-78D4-499A-A3C9-1D0724A3C74C}.Debug|Any CPU.ActiveCfg = Debug|Any CPU
		{A738A9AD-78D4-499A-A3C9-1D0724A3C74C}.Debug|Any CPU.Build.0 = Debug|Any CPU
		{A738A9AD-78D4-499A-A3C9-1D0724A3C74C}.Debug|x64.ActiveCfg = Debug|Any CPU
		{A738A9AD-78D4-499A-A3C9-1D0724A3C74C}.Debug|x64.Build.0 = Debug|Any CPU
		{A738A9AD-78D4-499A-A3C9-1D0724A3C74C}.Debug|x86.ActiveCfg = Debug|Any CPU
		{A738A9AD-78D4-499A-A3C9-1D0724A3C74C}.Debug|x86.Build.0 = Debug|Any CPU
		{A738A9AD-78D4-499A-A3C9-1D0724A3C74C}.Release|Any CPU.ActiveCfg = Release|Any CPU
		{A738A9AD-78D4-499A-A3C9-1D0724A3C74C}.Release|Any CPU.Build.0 = Release|Any CPU
		{A738A9AD-78D4-499A-A3C9-1D0724A3C74C}.Release|x64.ActiveCfg = Release|Any CPU
		{A738A9AD-78D4-499A-A3C9-1D0724A3C74C}.Release|x64.Build.0 = Release|Any CPU
		{A738A9AD-78D4-499A-A3C9-1D0724A3C74C}.Release|x86.ActiveCfg = Release|Any CPU
		{A738A9AD-78D4-499A-A3C9-1D0724A3C74C}.Release|x86.Build.0 = Release|Any CPU
		{68E4D5E7-F899-4210-BA7E-BB0120D87491}.Debug|Any CPU.ActiveCfg = Debug|Any CPU
		{68E4D5E7-F899-4210-BA7E-BB0120D87491}.Debug|Any CPU.Build.0 = Debug|Any CPU
		{68E4D5E7-F899-4210-BA7E-BB0120D87491}.Debug|x64.ActiveCfg = Debug|Any CPU
		{68E4D5E7-F899-4210-BA7E-BB0120D87491}.Debug|x64.Build.0 = Debug|Any CPU
		{68E4D5E7-F899-4210-BA7E-BB0120D87491}.Debug|x86.ActiveCfg = Debug|Any CPU
		{68E4D5E7-F899-4210-BA7E-BB0120D87491}.Debug|x86.Build.0 = Debug|Any CPU
		{68E4D5E7-F899-4210-BA7E-BB0120D87491}.Release|Any CPU.ActiveCfg = Release|Any CPU
		{68E4D5E7-F899-4210-BA7E-BB0120D87491}.Release|Any CPU.Build.0 = Release|Any CPU
		{68E4D5E7-F899-4210-BA7E-BB0120D87491}.Release|x64.ActiveCfg = Release|Any CPU
		{68E4D5E7-F899-4210-BA7E-BB0120D87491}.Release|x64.Build.0 = Release|Any CPU
		{68E4D5E7-F899-4210-BA7E-BB0120D87491}.Release|x86.ActiveCfg = Release|Any CPU
		{68E4D5E7-F899-4210-BA7E-BB0120D87491}.Release|x86.Build.0 = Release|Any CPU
		{1E33E1B8-B5AE-4F3D-AC24-06F4983BB3BA}.Debug|Any CPU.ActiveCfg = Debug|Any CPU
		{1E33E1B8-B5AE-4F3D-AC24-06F4983BB3BA}.Debug|Any CPU.Build.0 = Debug|Any CPU
		{1E33E1B8-B5AE-4F3D-AC24-06F4983BB3BA}.Debug|x64.ActiveCfg = Debug|Any CPU
		{1E33E1B8-B5AE-4F3D-AC24-06F4983BB3BA}.Debug|x64.Build.0 = Debug|Any CPU
		{1E33E1B8-B5AE-4F3D-AC24-06F4983BB3BA}.Debug|x86.ActiveCfg = Debug|Any CPU
		{1E33E1B8-B5AE-4F3D-AC24-06F4983BB3BA}.Debug|x86.Build.0 = Debug|Any CPU
		{1E33E1B8-B5AE-4F3D-AC24-06F4983BB3BA}.Release|Any CPU.ActiveCfg = Release|Any CPU
		{1E33E1B8-B5AE-4F3D-AC24-06F4983BB3BA}.Release|Any CPU.Build.0 = Release|Any CPU
		{1E33E1B8-B5AE-4F3D-AC24-06F4983BB3BA}.Release|x64.ActiveCfg = Release|Any CPU
		{1E33E1B8-B5AE-4F3D-AC24-06F4983BB3BA}.Release|x64.Build.0 = Release|Any CPU
		{1E33E1B8-B5AE-4F3D-AC24-06F4983BB3BA}.Release|x86.ActiveCfg = Release|Any CPU
		{1E33E1B8-B5AE-4F3D-AC24-06F4983BB3BA}.Release|x86.Build.0 = Release|Any CPU
	EndGlobalSection
	GlobalSection(NestedProjects) = preSolution
		{A738A9AD-78D4-499A-A3C9-1D0724A3C74C} = {61FABBC7-8523-45D5-BDEF-B8D9521A8EB4}
		{68E4D5E7-F899-4210-BA7E-BB0120D87491} = {61FABBC7-8523-45D5-BDEF-B8D9521A8EB4}
		{1E33E1B8-B5AE-4F3D-AC24-06F4983BB3BA} = {61FABBC7-8523-45D5-BDEF-B8D9521A8EB4}
	EndGlobalSection
EndGlobal
